# This file is automatically @generated by Poetry 1.8.3 and should not be changed by hand.

[[package]]
name = "waitress"
version = "3.0.0"
description = "Waitress WSGI server"
optional = false
python-versions = ">=3.8.0"
files = [
    {file = "waitress-3.0.0-py3-none-any.whl", hash = "sha256:2a06f242f4ba0cc563444ca3d1998959447477363a2d7e9b8b4d75d35cfd1669"},
    {file = "waitress-3.0.0.tar.gz", hash = "sha256:005da479b04134cdd9dd602d1ee7c49d79de0537610d653674cc6cbde222b8a1"},
]

[package.extras]
docs = ["Sphinx (>=1.8.1)", "docutils", "pylons-sphinx-themes (>=1.0.9)"]
testing = ["coverage (>=5.0)", "pytest", "pytest-cov"]

[metadata]
lock-version = "2.0"
python-versions = "^3.12"
content-hash = "dd1a4f953878b0b71fd35aa9faa5aaa9aba2734d3922852a654639d10318639b"
